# tacker-rootwrap command filters for nodes on which tacker is
# expected to control network
#
# This file should be owned by (and only-writeable by) the root user

# format seems to be
# cmd-name: filter-name, raw-command, user, args

[Filters]
privsep-rootwrap-sys_admin: RegExpFilter, privsep-helper, root, privsep-helper, --config-file, /etc/(?!\.\.).*, --privsep_context, tacker.privileged.default, --privsep_sock_path, /tmp/.*

# This definition is for test purpose. It's used in
# 'tacker.tests.unit.test_rootwrap_exec.RootwrapTestExec.test_rootwrap'
pwd: CommandFilter, pwd, root
